
Microsoft Visual Studio Solution File, Format Version 12.00
# Visual Studio Version 16
VisualStudioVersion = 16.0.30717.126
MinimumVisualStudioVersion = 10.0.40219.1
Project("{9A19103F-16F7-4668-BE54-9A1E7A4F7556}") = "Ping", "Services\Ping\Ping.csproj", "{C97C02CB-A33D-402F-A214-ADE16D7801FA}"
EndProject
Project("{9A19103F-16F7-4668-BE54-9A1E7A4F7556}") = "Pong", "Services\Pong\Pong.csproj", "{E10192E4-205E-4C63-8255-D3834183668E}"
EndProject
Project("{E53339B2-1760-4266-BCC7-CA923CBCF16C}") = "docker-compose", "docker-compose.dcproj", "{1BAA3F6B-F739-47B7-8C94-188D6D585DDB}"
EndProject
Global
	GlobalSection(SolutionConfigurationPlatforms) = preSolution
		Debug|Any CPU = Debug|Any CPU
		Release|Any CPU = Release|Any CPU
	EndGlobalSection
	GlobalSection(ProjectConfigurationPlatforms) = postSolution
		{C97C02CB-A33D-402F-A214-ADE16D7801FA}.Debug|Any CPU.ActiveCfg = Debug|Any CPU
		{C97C02CB-A33D-402F-A214-ADE16D7801FA}.Debug|Any CPU.Build.0 = Debug|Any CPU
		{C97C02CB-A33D-402F-A214-ADE16D7801FA}.Release|Any CPU.ActiveCfg = Release|Any CPU
		{C97C02CB-A33D-402F-A214-ADE16D7801FA}.Release|Any CPU.Build.0 = Release|Any CPU
		{E10192E4-205E-4C63-8255-D3834183668E}.Debug|Any CPU.ActiveCfg = Debug|Any CPU
		{E10192E4-205E-4C63-8255-D3834183668E}.Debug|Any CPU.Build.0 = Debug|Any CPU
		{E10192E4-205E-4C63-8255-D3834183668E}.Release|Any CPU.ActiveCfg = Release|Any CPU
		{E10192E4-205E-4C63-8255-D3834183668E}.Release|Any CPU.Build.0 = Release|Any CPU
		{1BAA3F6B-F739-47B7-8C94-188D6D585DDB}.Debug|Any CPU.ActiveCfg = Debug|Any CPU
		{1BAA3F6B-F739-47B7-8C94-188D6D585DDB}.Debug|Any CPU.Build.0 = Debug|Any CPU
		{1BAA3F6B-F739-47B7-8C94-188D6D585DDB}.Release|Any CPU.ActiveCfg = Release|Any CPU
		{1BAA3F6B-F739-47B7-8C94-188D6D585DDB}.Release|Any CPU.Build.0 = Release|Any CPU
	EndGlobalSection
	GlobalSection(SolutionProperties) = preSolution
		HideSolutionNode = FALSE
	EndGlobalSection
	GlobalSection(ExtensibilityGlobals) = postSolution
		SolutionGuid = {5E9EF054-AA06-4BAA-87AB-9C2D135B280D}
	EndGlobalSection
EndGlobal
